
Microsoft Visual Studio Solution File, Format Version 11.00
# Visual Studio 2010
Project("{FAE04EC0-301F-11D3-BF4B-00C04F79EFBC}") = "1.7", "1.7\1.7.csproj", "{8FB8F952-50C9-4076-AE96-27998A27D10F}"
EndProject
Global
	GlobalSection(SolutionConfigurationPlatforms) = preSolution
		Debug|x86 = Debug|x86
		Release|x86 = Release|x86
	EndGlobalSection
	GlobalSection(ProjectConfigurationPlatforms) = postSolution
		{8FB8F952-50C9-4076-AE96-27998A27D10F}.Debug|x86.ActiveCfg = Debug|x86
		{8FB8F952-50C9-4076-AE96-27998A27D10F}.Debug|x86.Build.0 = Debug|x86
		{8FB8F952-50C9-4076-AE96-27998A27D10F}.Release|x86.ActiveCfg = Release|x86
		{8FB8F952-50C9-4076-AE96-27998A27D10F}.Release|x86.Build.0 = Release|x86
	EndGlobalSection
	GlobalSection(SolutionProperties) = preSolution
		HideSolutionNode = FALSE
	EndGlobalSection
EndGlobal
