
Microsoft Visual Studio Solution File, Format Version 11.00
# Visual Studio 2010
Project("{FAE04EC0-301F-11D3-BF4B-00C04F79EFBC}") = "3.1", "3.1\3.1.csproj", "{722BC924-98BD-4DDD-AE7E-98016B15CE87}"
EndProject
Global
	GlobalSection(SolutionConfigurationPlatforms) = preSolution
		Debug|x86 = Debug|x86
		Release|x86 = Release|x86
	EndGlobalSection
	GlobalSection(ProjectConfigurationPlatforms) = postSolution
		{722BC924-98BD-4DDD-AE7E-98016B15CE87}.Debug|x86.ActiveCfg = Debug|x86
		{722BC924-98BD-4DDD-AE7E-98016B15CE87}.Debug|x86.Build.0 = Debug|x86
		{722BC924-98BD-4DDD-AE7E-98016B15CE87}.Release|x86.ActiveCfg = Release|x86
		{722BC924-98BD-4DDD-AE7E-98016B15CE87}.Release|x86.Build.0 = Release|x86
	EndGlobalSection
	GlobalSection(SolutionProperties) = preSolution
		HideSolutionNode = FALSE
	EndGlobalSection
EndGlobal
